
Microsoft Visual Studio Solution File, Format Version 12.00
# Visual Studio Version 17
VisualStudioVersion = 17.5.33502.453
MinimumVisualStudioVersion = 10.0.40219.1
Project("{FAE04EC0-301F-11D3-BF4B-00C04F79EFBC}") = "Edukator.PresentationLayer", "Edukator.PresentationLayer\Edukator.PresentationLayer.csproj", "{F480AA7A-2D89-438D-AE37-AB67DC7F1C78}"
EndProject
Project("{FAE04EC0-301F-11D3-BF4B-00C04F79EFBC}") = "Edukator.EntityLayer", "Edukator.EntityLayer\Edukator.EntityLayer.csproj", "{270A091D-0B52-4633-AD66-2465E9270012}"
EndProject
Project("{FAE04EC0-301F-11D3-BF4B-00C04F79EFBC}") = "Edukator.DataAccessLayer", "Edukator.DataAccessLayer\Edukator.DataAccessLayer.csproj", "{E17BC165-19EE-4A4B-8B7F-F861AEA221AD}"
EndProject
Project("{FAE04EC0-301F-11D3-BF4B-00C04F79EFBC}") = "Edukator.BusinessLayer", "Edukator.BusinessLayer\Edukator.BusinessLayer.csproj", "{41C3480C-C529-417A-9A39-495CA90988C3}"
EndProject
Project("{FAE04EC0-301F-11D3-BF4B-00C04F79EFBC}") = "Edukator.DtoLayer", "Edukator.DtoLayer\Edukator.DtoLayer.csproj", "{823EDA89-6421-4F78-9D34-EEBEA8BECF42}"
EndProject
Global
	GlobalSection(SolutionConfigurationPlatforms) = preSolution
		Debug|Any CPU = Debug|Any CPU
		Release|Any CPU = Release|Any CPU
	EndGlobalSection
	GlobalSection(ProjectConfigurationPlatforms) = postSolution
		{F480AA7A-2D89-438D-AE37-AB67DC7F1C78}.Debug|Any CPU.ActiveCfg = Debug|Any CPU
		{F480AA7A-2D89-438D-AE37-AB67DC7F1C78}.Debug|Any CPU.Build.0 = Debug|Any CPU
		{F480AA7A-2D89-438D-AE37-AB67DC7F1C78}.Release|Any CPU.ActiveCfg = Release|Any CPU
		{F480AA7A-2D89-438D-AE37-AB67DC7F1C78}.Release|Any CPU.Build.0 = Release|Any CPU
		{270A091D-0B52-4633-AD66-2465E9270012}.Debug|Any CPU.ActiveCfg = Debug|Any CPU
		{270A091D-0B52-4633-AD66-2465E9270012}.Debug|Any CPU.Build.0 = Debug|Any CPU
		{270A091D-0B52-4633-AD66-2465E9270012}.Release|Any CPU.ActiveCfg = Release|Any CPU
		{270A091D-0B52-4633-AD66-2465E9270012}.Release|Any CPU.Build.0 = Release|Any CPU
		{E17BC165-19EE-4A4B-8B7F-F861AEA221AD}.Debug|Any CPU.ActiveCfg = Debug|Any CPU
		{E17BC165-19EE-4A4B-8B7F-F861AEA221AD}.Debug|Any CPU.Build.0 = Debug|Any CPU
		{E17BC165-19EE-4A4B-8B7F-F861AEA221AD}.Release|Any CPU.ActiveCfg = Release|Any CPU
		{E17BC165-19EE-4A4B-8B7F-F861AEA221AD}.Release|Any CPU.Build.0 = Release|Any CPU
		{41C3480C-C529-417A-9A39-495CA90988C3}.Debug|Any CPU.ActiveCfg = Debug|Any CPU
		{41C3480C-C529-417A-9A39-495CA90988C3}.Debug|Any CPU.Build.0 = Debug|Any CPU
		{41C3480C-C529-417A-9A39-495CA90988C3}.Release|Any CPU.ActiveCfg = Release|Any CPU
		{41C3480C-C529-417A-9A39-495CA90988C3}.Release|Any CPU.Build.0 = Release|Any CPU
		{823EDA89-6421-4F78-9D34-EEBEA8BECF42}.Debug|Any CPU.ActiveCfg = Debug|Any CPU
		{823EDA89-6421-4F78-9D34-EEBEA8BECF42}.Debug|Any CPU.Build.0 = Debug|Any CPU
		{823EDA89-6421-4F78-9D34-EEBEA8BECF42}.Release|Any CPU.ActiveCfg = Release|Any CPU
		{823EDA89-6421-4F78-9D34-EEBEA8BECF42}.Release|Any CPU.Build.0 = Release|Any CPU
	EndGlobalSection
	GlobalSection(SolutionProperties) = preSolution
		HideSolutionNode = FALSE
	EndGlobalSection
	GlobalSection(ExtensibilityGlobals) = postSolution
		SolutionGuid = {8B587E2E-1CFD-4EB4-A9AC-EDBBA3B581C3}
	EndGlobalSection
EndGlobal
